
Microsoft Visual Studio Solution File, Format Version 12.00
# Visual Studio 15
VisualStudioVersion = 15.0.28307.136
MinimumVisualStudioVersion = 10.0.40219.1
Project("{8BC9CEB8-8B4A-11D0-8D11-00A0C91BC942}") = "Sandbox", "Sandbox\Sandbox.vcxproj", "{8BD7FA54-2A87-4FB8-85FC-5F764D82C7B2}"
EndProject
Project("{8BC9CEB8-8B4A-11D0-8D11-00A0C91BC942}") = "Hazel", "Hazel\Hazel.vcxproj", "{5F9A564B-75C9-44AC-97B2-F0F4116988AE}"
EndProject
Global
	GlobalSection(SolutionConfigurationPlatforms) = preSolution
		Debug|x64 = Debug|x64
		Release|x64 = Release|x64
	EndGlobalSection
	GlobalSection(ProjectConfigurationPlatforms) = postSolution
		{5F9A564B-75C9-44AC-97B2-F0F4116988AE}.Debug|x64.ActiveCfg = Debug|x64
		{5F9A564B-75C9-44AC-97B2-F0F4116988AE}.Debug|x64.Build.0 = Debug|x64
		{5F9A564B-75C9-44AC-97B2-F0F4116988AE}.Release|x64.ActiveCfg = Release|x64
		{5F9A564B-75C9-44AC-97B2-F0F4116988AE}.Release|x64.Build.0 = Release|x64
		{8BD7FA54-2A87-4FB8-85FC-5F764D82C7B2}.Debug|x64.ActiveCfg = Debug|x64
		{8BD7FA54-2A87-4FB8-85FC-5F764D82C7B2}.Debug|x64.Build.0 = Debug|x64
		{8BD7FA54-2A87-4FB8-85FC-5F764D82C7B2}.Release|x64.ActiveCfg = Release|x64
		{8BD7FA54-2A87-4FB8-85FC-5F764D82C7B2}.Release|x64.Build.0 = Release|x64
	EndGlobalSection
	GlobalSection(SolutionProperties) = preSolution
		HideSolutionNode = FALSE
	EndGlobalSection
	GlobalSection(ExtensibilityGlobals) = postSolution
		SolutionGuid = {9A7FB1D3-A96C-4191-9123-301128A219D8}
	EndGlobalSection
EndGlobal
